%{
  "acceptor_pool": {:hex, :acceptor_pool, "1.0.0", "43c20d2acae35f0c2bcd64f9d2bde267e459f0f3fd23dab26485bf518c281b21", [:rebar3], [], "hexpm", "0cbcd83fdc8b9ad2eee2067ef8b91a14858a5883cb7cd800e6fcd5803e158788"},
  "chatterbox": {:hex, :ts_chatterbox, "0.11.0", "b8f372c706023eb0de5bf2976764edb27c70fe67052c88c1f6a66b3a5626847f", [:rebar3], [{:hpack, "~>0.2.3", [hex: :hpack_erl, repo: "hexpm", optional: false]}], "hexpm", "722fe2bad52913ab7e87d849fc6370375f0c961ffb2f0b5e6d647c9170c382a6"},
  "ctx": {:hex, :ctx, "0.6.0", "8ff88b70e6400c4df90142e7f130625b82086077a45364a78d208ed3ed53c7fe", [:rebar3], [], "hexpm", "a14ed2d1b67723dbebbe423b28d7615eb0bdcba6ff28f2d1f1b0a7e1d4aa5fc2"},
  "gproc": {:hex, :gproc, "0.8.0", "cea02c578589c61e5341fce149ea36ccef236cc2ecac8691fba408e7ea77ec2f", [:rebar3], [], "hexpm", "580adafa56463b75263ef5a5df4c86af321f68694e7786cb057fd805d1e2a7de"},
  "grpcbox": {:hex, :grpcbox, "0.13.1", "14dcb8d097ed05e43a7c2628e46f71585ba5c5c03fa1c086e7c369a698f038d2", [:rebar3], [{:acceptor_pool, "~>1.0.0", [hex: :acceptor_pool, repo: "hexpm", optional: false]}, {:chatterbox, "~>0.11.0", [hex: :ts_chatterbox, repo: "hexpm", optional: false]}, {:ctx, "~>0.6.0", [hex: :ctx, repo: "hexpm", optional: false]}, {:gproc, "~>0.8.0", [hex: :gproc, repo: "hexpm", optional: false]}], "hexpm", "f83114a4ae3a09a7ae489816a48ef2ca4ac5d95400abab8d3271143d58cb6a75"},
  "hpack": {:hex, :hpack_erl, "0.2.3", "17670f83ff984ae6cd74b1c456edde906d27ff013740ee4d9efaa4f1bf999633", [:rebar3], [], "hexpm", "06f580167c4b8b8a6429040df36cc93bba6d571faeaec1b28816523379cbb23a"},
  "opentelemetry": {:git, "https://github.com/open-telemetry/opentelemetry-erlang.git", "529039d14d17825aa61a37b03b55943e588b1cc3", [sparse: "apps/opentelemetry"]},
  "opentelemetry_api": {:git, "https://github.com/open-telemetry/opentelemetry-erlang.git", "529039d14d17825aa61a37b03b55943e588b1cc3", [sparse: "apps/opentelemetry_api"]},
  "opentelemetry_exporter": {:git, "https://github.com/open-telemetry/opentelemetry-erlang.git", "529039d14d17825aa61a37b03b55943e588b1cc3", [sparse: "apps/opentelemetry_exporter"]},
}
